
Microsoft Visual Studio Solution File, Format Version 12.00
# Visual Studio 2012
Project("{FAE04EC0-301F-11D3-BF4B-00C04F79EFBC}") = "AdminCenter", "AdminCenter\AdminCenter.csproj", "{458109BB-6D6F-4C27-A5A0-3894F1F08A80}"
EndProject
Project("{FAE04EC0-301F-11D3-BF4B-00C04F79EFBC}") = "Utility", "Utility\Utility.csproj", "{0D9D3CC4-534F-40BB-B8CF-1BA2FC6AA117}"
EndProject
Project("{FAE04EC0-301F-11D3-BF4B-00C04F79EFBC}") = "Model", "Model\Model.csproj", "{2CC1DD0F-0507-4893-81BF-27C5D09AABDE}"
EndProject
Project("{FAE04EC0-301F-11D3-BF4B-00C04F79EFBC}") = "Service", "Service\Service.csproj", "{E16663FC-7C21-43A9-ADCF-30FBAADAA037}"
EndProject
Global
	GlobalSection(SolutionConfigurationPlatforms) = preSolution
		Debug|Any CPU = Debug|Any CPU
		Release|Any CPU = Release|Any CPU
	EndGlobalSection
	GlobalSection(ProjectConfigurationPlatforms) = postSolution
		{458109BB-6D6F-4C27-A5A0-3894F1F08A80}.Debug|Any CPU.ActiveCfg = Debug|Any CPU
		{458109BB-6D6F-4C27-A5A0-3894F1F08A80}.Debug|Any CPU.Build.0 = Debug|Any CPU
		{458109BB-6D6F-4C27-A5A0-3894F1F08A80}.Release|Any CPU.ActiveCfg = Release|Any CPU
		{458109BB-6D6F-4C27-A5A0-3894F1F08A80}.Release|Any CPU.Build.0 = Release|Any CPU
		{0D9D3CC4-534F-40BB-B8CF-1BA2FC6AA117}.Debug|Any CPU.ActiveCfg = Debug|Any CPU
		{0D9D3CC4-534F-40BB-B8CF-1BA2FC6AA117}.Debug|Any CPU.Build.0 = Debug|Any CPU
		{0D9D3CC4-534F-40BB-B8CF-1BA2FC6AA117}.Release|Any CPU.ActiveCfg = Release|Any CPU
		{0D9D3CC4-534F-40BB-B8CF-1BA2FC6AA117}.Release|Any CPU.Build.0 = Release|Any CPU
		{2CC1DD0F-0507-4893-81BF-27C5D09AABDE}.Debug|Any CPU.ActiveCfg = Debug|Any CPU
		{2CC1DD0F-0507-4893-81BF-27C5D09AABDE}.Debug|Any CPU.Build.0 = Debug|Any CPU
		{2CC1DD0F-0507-4893-81BF-27C5D09AABDE}.Release|Any CPU.ActiveCfg = Release|Any CPU
		{2CC1DD0F-0507-4893-81BF-27C5D09AABDE}.Release|Any CPU.Build.0 = Release|Any CPU
		{E16663FC-7C21-43A9-ADCF-30FBAADAA037}.Debug|Any CPU.ActiveCfg = Debug|Any CPU
		{E16663FC-7C21-43A9-ADCF-30FBAADAA037}.Debug|Any CPU.Build.0 = Debug|Any CPU
		{E16663FC-7C21-43A9-ADCF-30FBAADAA037}.Release|Any CPU.ActiveCfg = Release|Any CPU
		{E16663FC-7C21-43A9-ADCF-30FBAADAA037}.Release|Any CPU.Build.0 = Release|Any CPU
	EndGlobalSection
EndGlobal
